// !$*UTF8*$!
{
	archiveVersion = 1;
	classes = {
	};
	objectVersion = 46;
	objects = {

/* Begin PBXAggregateTarget section */
		4433C53BC4DE4A55A2257F77 /* ALL_BUILD */ = {
			isa = PBXAggregateTarget;
			buildConfigurationList = 9C956758E3144A4BB9F9DE82 /* Build configuration list for PBXAggregateTarget "ALL_BUILD" */;
			buildPhases = (
				CDF13482DEF24F28A5AE6F2F /* CMake Rules */,
			);
			dependencies = (
				DCBE1593074448C5A1FFC553 /* PBXTargetDependency */,
				27F73DE64EF64FBAA0FAE9A3 /* PBXTargetDependency */,
			);
			name = ALL_BUILD;
			productName = ALL_BUILD;
		};
		C7B4855620A94C0AB6E20719 /* ZERO_CHECK */ = {
			isa = PBXAggregateTarget;
			buildConfigurationList = 28A73500E7EC4245AE3E5F83 /* Build configuration list for PBXAggregateTarget "ZERO_CHECK" */;
			buildPhases = (
				213815072ECD4C3DACDBBB11 /* CMake Rules */,
			);
			dependencies = (
			);
			name = ZERO_CHECK;
			productName = ZERO_CHECK;
		};
/* End PBXAggregateTarget section */

/* Begin PBXBuildFile section */
		05E555727E424592A81FE887 /* /Users/user/sources/Different/sqrt/main.cpp */ = {isa = PBXBuildFile; fileRef = D816D1BA8DFF4541929B3D07 /* /Users/user/sources/Different/sqrt/main.cpp */; };
		451E3992FFC04346AFE69995 /* /Users/user/sources/Different/sqrt/CMakeLists.txt */ = {isa = PBXBuildFile; fileRef = 1765A7CB8D9E42808B9D52C9 /* /Users/user/sources/Different/sqrt/CMakeLists.txt */; };
/* End PBXBuildFile section */

/* Begin PBXBuildStyle section */
		0F25C4F0DA534E86843738D4 /* Release */ = {
			isa = PBXBuildStyle;
			buildSettings = {
				COPY_PHASE_STRIP = NO;
			};
			name = Release;
		};
		22C572BFFD5B45B3A5436DA4 /* MinSizeRel */ = {
			isa = PBXBuildStyle;
			buildSettings = {
				COPY_PHASE_STRIP = NO;
			};
			name = MinSizeRel;
		};
		801088BDB0D241C9BD4803C2 /* RelWithDebInfo */ = {
			isa = PBXBuildStyle;
			buildSettings = {
				COPY_PHASE_STRIP = NO;
			};
			name = RelWithDebInfo;
		};
		A9B2B4ADDECB467AB8747058 = {
			isa = PBXBuildStyle;
		};
		BD39F0F7D74C4666B02D7249 /* Debug */ = {
			isa = PBXBuildStyle;
			buildSettings = {
				COPY_PHASE_STRIP = NO;
			};
			name = Debug;
		};
/* End PBXBuildStyle section */

/* Begin PBXContainerItemProxy section */
		4EF9B141F1624A8380A4B5A2 /* PBXContainerItemProxy */ = {
			isa = PBXContainerItemProxy;
			containerPortal = 7A25948021E64B0ABEBDD27D /* Project object */;
			proxyType = 1;
			remoteGlobalIDString = C7B4855620A94C0AB6E20719;
			remoteInfo = ZERO_CHECK;
		};
		A3304AF0384349E3A31E3F02 /* PBXContainerItemProxy */ = {
			isa = PBXContainerItemProxy;
			containerPortal = 7A25948021E64B0ABEBDD27D /* Project object */;
			proxyType = 1;
			remoteGlobalIDString = C7B4855620A94C0AB6E20719;
			remoteInfo = ZERO_CHECK;
		};
		FA64FA3C854F445F8D5229F2 /* PBXContainerItemProxy */ = {
			isa = PBXContainerItemProxy;
			containerPortal = 7A25948021E64B0ABEBDD27D /* Project object */;
			proxyType = 1;
			remoteGlobalIDString = 4DDC30BAC9BE4F5A8686D1D9;
			remoteInfo = sqrt;
		};
/* End PBXContainerItemProxy section */

/* Begin PBXFileReference section */
		12BF85DEE230473CBA0F6984 /* /Users/user/sources/Different/sqrt/CMakeLists.txt */ = {isa = PBXFileReference; explicitFileType = sourcecode.text; fileEncoding = 4; name = CMakeLists.txt; path = CMakeLists.txt; sourceTree = SOURCE_ROOT; };
		1765A7CB8D9E42808B9D52C9 /* /Users/user/sources/Different/sqrt/CMakeLists.txt */ = {isa = PBXFileReference; explicitFileType = sourcecode.text; fileEncoding = 4; name = CMakeLists.txt; path = CMakeLists.txt; sourceTree = SOURCE_ROOT; };
		3CFC8648160A4E8F9AC9FD01 /* sqrt */ = {isa = PBXFileReference; explicitFileType = "compiled.mach-o.executable"; path = sqrt; sourceTree = BUILT_PRODUCTS_DIR; };
		765DDAFEB43848F88A5C418E /* /Users/user/sources/Different/sqrt/CMakeLists.txt */ = {isa = PBXFileReference; explicitFileType = sourcecode.text; fileEncoding = 4; name = CMakeLists.txt; path = CMakeLists.txt; sourceTree = SOURCE_ROOT; };
		D816D1BA8DFF4541929B3D07 /* /Users/user/sources/Different/sqrt/main.cpp */ = {isa = PBXFileReference; explicitFileType = sourcecode.cpp.cpp; fileEncoding = 4; name = main.cpp; path = main.cpp; sourceTree = SOURCE_ROOT; };
/* End PBXFileReference section */

/* Begin PBXGroup section */
		056D5F0B1AB9493EA8E4E553 /* Products */ = {
			isa = PBXGroup;
			children = (
				3CFC8648160A4E8F9AC9FD01 /* sqrt */,
			);
			name = Products;
			sourceTree = "<group>";
		};
		06FE27B4AF30457083CE987F = {
			isa = PBXGroup;
			children = (
				080732E050C04BF6A89623F6 /* Sources */,
				83434553BBE249878B5FF00D /* Resources */,
				056D5F0B1AB9493EA8E4E553 /* Products */,
			);
			sourceTree = "<group>";
		};
		080732E050C04BF6A89623F6 /* Sources */ = {
			isa = PBXGroup;
			children = (
				5EDF32C7D95047248CFA00BE /* sqrt */,
				3D61429F089841F7A189F795 /* ALL_BUILD */,
				DE667A1FF45E40D8B01D3F3F /* ZERO_CHECK */,
			);
			name = Sources;
			sourceTree = "<group>";
		};
		3D61429F089841F7A189F795 /* ALL_BUILD */ = {
			isa = PBXGroup;
			children = (
				50A37734E4F14E489A43F498 /* CMake Rules */,
				765DDAFEB43848F88A5C418E /* /Users/user/sources/Different/sqrt/CMakeLists.txt */,
			);
			name = ALL_BUILD;
			sourceTree = "<group>";
		};
		50A37734E4F14E489A43F498 /* CMake Rules */ = {
			isa = PBXGroup;
			children = (
			);
			name = "CMake Rules";
			sourceTree = "<group>";
		};
		5674EBD077634DE2939B2CBE /* CMake Rules */ = {
			isa = PBXGroup;
			children = (
			);
			name = "CMake Rules";
			sourceTree = "<group>";
		};
		5EDF32C7D95047248CFA00BE /* sqrt */ = {
			isa = PBXGroup;
			children = (
				D915E96978004EFB9F30C09A /* Source Files */,
				1765A7CB8D9E42808B9D52C9 /* /Users/user/sources/Different/sqrt/CMakeLists.txt */,
			);
			name = sqrt;
			sourceTree = "<group>";
		};
		83434553BBE249878B5FF00D /* Resources */ = {
			isa = PBXGroup;
			children = (
			);
			name = Resources;
			sourceTree = "<group>";
		};
		D915E96978004EFB9F30C09A /* Source Files */ = {
			isa = PBXGroup;
			children = (
				D816D1BA8DFF4541929B3D07 /* /Users/user/sources/Different/sqrt/main.cpp */,
			);
			name = "Source Files";
			sourceTree = "<group>";
		};
		DE667A1FF45E40D8B01D3F3F /* ZERO_CHECK */ = {
			isa = PBXGroup;
			children = (
				5674EBD077634DE2939B2CBE /* CMake Rules */,
				12BF85DEE230473CBA0F6984 /* /Users/user/sources/Different/sqrt/CMakeLists.txt */,
			);
			name = ZERO_CHECK;
			sourceTree = "<group>";
		};
/* End PBXGroup section */

/* Begin PBXNativeTarget section */
		4DDC30BAC9BE4F5A8686D1D9 /* sqrt */ = {
			isa = PBXNativeTarget;
			buildConfigurationList = 82B0657C76C942668F09E1C9 /* Build configuration list for PBXNativeTarget "sqrt" */;
			buildPhases = (
				39034608C75345A9A77C6ABE /* Sources */,
			);
			buildRules = (
			);
			dependencies = (
				9CEC7D085E4D457F9CC62B74 /* PBXTargetDependency */,
			);
			name = sqrt;
			productName = sqrt;
			productReference = 3CFC8648160A4E8F9AC9FD01 /* sqrt */;
			productType = "com.apple.product-type.tool";
		};
/* End PBXNativeTarget section */

/* Begin PBXProject section */
		7A25948021E64B0ABEBDD27D /* Project object */ = {
			isa = PBXProject;
			attributes = {
				BuildIndependentTargetsInParallel = YES;
				LastUpgradeCheck = 0730;
			};
			buildConfigurationList = AE0EF5D17F6148C8AE6A0E47 /* Build configuration list for PBXProject "sqrt" */;
			buildSettings = {
			};
			buildStyles = (
				BD39F0F7D74C4666B02D7249 /* Debug */,
				0F25C4F0DA534E86843738D4 /* Release */,
				22C572BFFD5B45B3A5436DA4 /* MinSizeRel */,
				801088BDB0D241C9BD4803C2 /* RelWithDebInfo */,
			);
			compatibilityVersion = "Xcode 3.2";
			hasScannedForEncodings = 0;
			mainGroup = 06FE27B4AF30457083CE987F;
			projectDirPath = ../;
			projectRoot = "";
			targets = (
				4433C53BC4DE4A55A2257F77 /* ALL_BUILD */,
				C7B4855620A94C0AB6E20719 /* ZERO_CHECK */,
				4DDC30BAC9BE4F5A8686D1D9 /* sqrt */,
			);
		};
/* End PBXProject section */

/* Begin PBXShellScriptBuildPhase section */
		213815072ECD4C3DACDBBB11 /* CMake Rules */ = {
			isa = PBXShellScriptBuildPhase;
			buildActionMask = 2147483647;
			files = (
			);
			name = "CMake Rules";
			runOnlyForDeploymentPostprocessing = 0;
			shellPath = /bin/sh;
			shellScript = "make -C /Users/user/sources/Different/sqrt/build-xcode -f /Users/user/sources/Different/sqrt/build-xcode/CMakeScripts/ZERO_CHECK_cmakeRulesBuildPhase.make$CONFIGURATION all";
			showEnvVarsInLog = 0;
		};
		2641F1D4671E4610A3F11DCE = {
			isa = PBXShellScriptBuildPhase;
			buildActionMask = 2147483647;
			files = (
			);
			inputPaths = (
			);
			outputPaths = (
			);
			runOnlyForDeploymentPostprocessing = 0;
			shellPath = /bin/sh;
			shellScript = "# shell script goes here
exit 0";
			showEnvVarsInLog = 0;
		};
		CDF13482DEF24F28A5AE6F2F /* CMake Rules */ = {
			isa = PBXShellScriptBuildPhase;
			buildActionMask = 2147483647;
			files = (
			);
			name = "CMake Rules";
			runOnlyForDeploymentPostprocessing = 0;
			shellPath = /bin/sh;
			shellScript = "make -C /Users/user/sources/Different/sqrt/build-xcode -f /Users/user/sources/Different/sqrt/build-xcode/CMakeScripts/ALL_BUILD_cmakeRulesBuildPhase.make$CONFIGURATION all";
			showEnvVarsInLog = 0;
		};
		E0412C2878E946628B26013C = {
			isa = PBXShellScriptBuildPhase;
			buildActionMask = 2147483647;
			files = (
			);
			inputPaths = (
			);
			outputPaths = (
			);
			runOnlyForDeploymentPostprocessing = 0;
			shellPath = /bin/sh;
			shellScript = "# shell script goes here
exit 0";
			showEnvVarsInLog = 0;
		};
/* End PBXShellScriptBuildPhase section */

/* Begin PBXSourcesBuildPhase section */
		39034608C75345A9A77C6ABE /* Sources */ = {
			isa = PBXSourcesBuildPhase;
			buildActionMask = 2147483647;
			files = (
				05E555727E424592A81FE887 /* /Users/user/sources/Different/sqrt/main.cpp */,
			);
			runOnlyForDeploymentPostprocessing = 0;
		};
/* End PBXSourcesBuildPhase section */

/* Begin PBXTargetDependency section */
		27F73DE64EF64FBAA0FAE9A3 /* PBXTargetDependency */ = {
			isa = PBXTargetDependency;
			target = C7B4855620A94C0AB6E20719 /* ZERO_CHECK */;
			targetProxy = 4EF9B141F1624A8380A4B5A2 /* PBXContainerItemProxy */;
		};
		9CEC7D085E4D457F9CC62B74 /* PBXTargetDependency */ = {
			isa = PBXTargetDependency;
			target = C7B4855620A94C0AB6E20719 /* ZERO_CHECK */;
			targetProxy = A3304AF0384349E3A31E3F02 /* PBXContainerItemProxy */;
		};
		DCBE1593074448C5A1FFC553 /* PBXTargetDependency */ = {
			isa = PBXTargetDependency;
			target = 4DDC30BAC9BE4F5A8686D1D9 /* sqrt */;
			targetProxy = FA64FA3C854F445F8D5229F2 /* PBXContainerItemProxy */;
		};
/* End PBXTargetDependency section */

/* Begin XCBuildConfiguration section */
		06CA25A4A8A44F28BC1C1EE1 /* RelWithDebInfo */ = {
			isa = XCBuildConfiguration;
			buildSettings = {
				ARCHS = x86_64;
				COMBINE_HIDPI_IMAGES = YES;
				EXECUTABLE_PREFIX = "";
				EXECUTABLE_SUFFIX = "";
				GCC_GENERATE_DEBUGGING_SYMBOLS = YES;
				GCC_INLINES_ARE_PRIVATE_EXTERN = NO;
				GCC_OPTIMIZATION_LEVEL = 2;
				GCC_PREPROCESSOR_DEFINITIONS = ("'CMAKE_INTDIR=\"$(CONFIGURATION)$(EFFECTIVE_PLATFORM_NAME)\"'");
				GCC_SYMBOLS_PRIVATE_EXTERN = NO;
				INSTALL_PATH = "";
				LIBRARY_SEARCH_PATHS = "";
				ONLY_ACTIVE_ARCH = NO;
				OTHER_CPLUSPLUSFLAGS = "       -DNDEBUG '-std=c++11'  ";
				OTHER_LDFLAGS = " -Wl,-search_paths_first -Wl,-headerpad_max_install_names  ";
				OTHER_REZFLAGS = "";
				PRODUCT_NAME = sqrt;
				SECTORDER_FLAGS = "";
				SYMROOT = "/Users/user/sources/Different/sqrt/build-xcode";
				USE_HEADERMAP = NO;
				WARNING_CFLAGS = ("-Wmost","-Wno-four-char-constants","-Wno-unknown-pragmas","$(inherited)");
			};
			name = RelWithDebInfo;
		};
		07D6EABB30774E68B2279D36 /* MinSizeRel */ = {
			isa = XCBuildConfiguration;
			buildSettings = {
				COMBINE_HIDPI_IMAGES = YES;
				GCC_GENERATE_DEBUGGING_SYMBOLS = YES;
				GCC_INLINES_ARE_PRIVATE_EXTERN = NO;
				GCC_OPTIMIZATION_LEVEL = 0;
				GCC_PREPROCESSOR_DEFINITIONS = ("'CMAKE_INTDIR=\"$(CONFIGURATION)$(EFFECTIVE_PLATFORM_NAME)\"'");
				GCC_SYMBOLS_PRIVATE_EXTERN = NO;
				INSTALL_PATH = "";
				OTHER_LDFLAGS = " ";
				OTHER_REZFLAGS = "";
				PRODUCT_NAME = ZERO_CHECK;
				SECTORDER_FLAGS = "";
				SYMROOT = "/Users/user/sources/Different/sqrt/build-xcode";
				USE_HEADERMAP = NO;
				WARNING_CFLAGS = ("-Wmost","-Wno-four-char-constants","-Wno-unknown-pragmas","$(inherited)");
			};
			name = MinSizeRel;
		};
		138236A523AE46C2B339D316 /* MinSizeRel */ = {
			isa = XCBuildConfiguration;
			buildSettings = {
				ARCHS = x86_64;
				SDKROOT = /Applications/Xcode.app/Contents/Developer/Platforms/MacOSX.platform/Developer/SDKs/MacOSX10.11.sdk;
				SYMROOT = "/Users/user/sources/Different/sqrt/build-xcode/build";
			};
			name = MinSizeRel;
		};
		2913FE98E7B44EF09011565E /* Debug */ = {
			isa = XCBuildConfiguration;
			buildSettings = {
				ARCHS = x86_64;
				COMBINE_HIDPI_IMAGES = YES;
				EXECUTABLE_PREFIX = "";
				EXECUTABLE_SUFFIX = "";
				GCC_GENERATE_DEBUGGING_SYMBOLS = YES;
				GCC_INLINES_ARE_PRIVATE_EXTERN = NO;
				GCC_OPTIMIZATION_LEVEL = 0;
				GCC_PREPROCESSOR_DEFINITIONS = ("'CMAKE_INTDIR=\"$(CONFIGURATION)$(EFFECTIVE_PLATFORM_NAME)\"'");
				GCC_SYMBOLS_PRIVATE_EXTERN = NO;
				INSTALL_PATH = "";
				LIBRARY_SEARCH_PATHS = "";
				ONLY_ACTIVE_ARCH = NO;
				OTHER_CPLUSPLUSFLAGS = "   '-std=c++11'  ";
				OTHER_LDFLAGS = " -Wl,-search_paths_first -Wl,-headerpad_max_install_names  ";
				OTHER_REZFLAGS = "";
				PRODUCT_NAME = sqrt;
				SECTORDER_FLAGS = "";
				SYMROOT = "/Users/user/sources/Different/sqrt/build-xcode";
				USE_HEADERMAP = NO;
				WARNING_CFLAGS = ("-Wmost","-Wno-four-char-constants","-Wno-unknown-pragmas","$(inherited)");
			};
			name = Debug;
		};
		72BDB0E05A654ACBA1BAE469 /* RelWithDebInfo */ = {
			isa = XCBuildConfiguration;
			buildSettings = {
				COMBINE_HIDPI_IMAGES = YES;
				GCC_GENERATE_DEBUGGING_SYMBOLS = YES;
				GCC_INLINES_ARE_PRIVATE_EXTERN = NO;
				GCC_OPTIMIZATION_LEVEL = 0;
				GCC_PREPROCESSOR_DEFINITIONS = ("'CMAKE_INTDIR=\"$(CONFIGURATION)$(EFFECTIVE_PLATFORM_NAME)\"'");
				GCC_SYMBOLS_PRIVATE_EXTERN = NO;
				INSTALL_PATH = "";
				OTHER_LDFLAGS = " ";
				OTHER_REZFLAGS = "";
				PRODUCT_NAME = ALL_BUILD;
				SECTORDER_FLAGS = "";
				SYMROOT = "/Users/user/sources/Different/sqrt/build-xcode";
				USE_HEADERMAP = NO;
				WARNING_CFLAGS = ("-Wmost","-Wno-four-char-constants","-Wno-unknown-pragmas","$(inherited)");
			};
			name = RelWithDebInfo;
		};
		906BF89665E64752A6EE5A69 /* MinSizeRel */ = {
			isa = XCBuildConfiguration;
			buildSettings = {
				ARCHS = x86_64;
				COMBINE_HIDPI_IMAGES = YES;
				EXECUTABLE_PREFIX = "";
				EXECUTABLE_SUFFIX = "";
				GCC_GENERATE_DEBUGGING_SYMBOLS = NO;
				GCC_INLINES_ARE_PRIVATE_EXTERN = NO;
				GCC_OPTIMIZATION_LEVEL = s;
				GCC_PREPROCESSOR_DEFINITIONS = ("'CMAKE_INTDIR=\"$(CONFIGURATION)$(EFFECTIVE_PLATFORM_NAME)\"'");
				GCC_SYMBOLS_PRIVATE_EXTERN = NO;
				INSTALL_PATH = "";
				LIBRARY_SEARCH_PATHS = "";
				ONLY_ACTIVE_ARCH = NO;
				OTHER_CPLUSPLUSFLAGS = "    -DNDEBUG '-std=c++11'  ";
				OTHER_LDFLAGS = " -Wl,-search_paths_first -Wl,-headerpad_max_install_names  ";
				OTHER_REZFLAGS = "";
				PRODUCT_NAME = sqrt;
				SECTORDER_FLAGS = "";
				SYMROOT = "/Users/user/sources/Different/sqrt/build-xcode";
				USE_HEADERMAP = NO;
				WARNING_CFLAGS = ("-Wmost","-Wno-four-char-constants","-Wno-unknown-pragmas","$(inherited)");
			};
			name = MinSizeRel;
		};
		9D52D70BD4A043DCB9B85D52 /* Debug */ = {
			isa = XCBuildConfiguration;
			buildSettings = {
				COMBINE_HIDPI_IMAGES = YES;
				GCC_GENERATE_DEBUGGING_SYMBOLS = YES;
				GCC_INLINES_ARE_PRIVATE_EXTERN = NO;
				GCC_OPTIMIZATION_LEVEL = 0;
				GCC_PREPROCESSOR_DEFINITIONS = ("'CMAKE_INTDIR=\"$(CONFIGURATION)$(EFFECTIVE_PLATFORM_NAME)\"'");
				GCC_SYMBOLS_PRIVATE_EXTERN = NO;
				INSTALL_PATH = "";
				OTHER_LDFLAGS = " ";
				OTHER_REZFLAGS = "";
				PRODUCT_NAME = ZERO_CHECK;
				SECTORDER_FLAGS = "";
				SYMROOT = "/Users/user/sources/Different/sqrt/build-xcode";
				USE_HEADERMAP = NO;
				WARNING_CFLAGS = ("-Wmost","-Wno-four-char-constants","-Wno-unknown-pragmas","$(inherited)");
			};
			name = Debug;
		};
		A4D77907A274456EBAD02126 /* RelWithDebInfo */ = {
			isa = XCBuildConfiguration;
			buildSettings = {
				ARCHS = x86_64;
				SDKROOT = /Applications/Xcode.app/Contents/Developer/Platforms/MacOSX.platform/Developer/SDKs/MacOSX10.11.sdk;
				SYMROOT = "/Users/user/sources/Different/sqrt/build-xcode/build";
			};
			name = RelWithDebInfo;
		};
		AA89760307C04F2CBB999651 /* MinSizeRel */ = {
			isa = XCBuildConfiguration;
			buildSettings = {
				COMBINE_HIDPI_IMAGES = YES;
				GCC_GENERATE_DEBUGGING_SYMBOLS = YES;
				GCC_INLINES_ARE_PRIVATE_EXTERN = NO;
				GCC_OPTIMIZATION_LEVEL = 0;
				GCC_PREPROCESSOR_DEFINITIONS = ("'CMAKE_INTDIR=\"$(CONFIGURATION)$(EFFECTIVE_PLATFORM_NAME)\"'");
				GCC_SYMBOLS_PRIVATE_EXTERN = NO;
				INSTALL_PATH = "";
				OTHER_LDFLAGS = " ";
				OTHER_REZFLAGS = "";
				PRODUCT_NAME = ALL_BUILD;
				SECTORDER_FLAGS = "";
				SYMROOT = "/Users/user/sources/Different/sqrt/build-xcode";
				USE_HEADERMAP = NO;
				WARNING_CFLAGS = ("-Wmost","-Wno-four-char-constants","-Wno-unknown-pragmas","$(inherited)");
			};
			name = MinSizeRel;
		};
		BB332AB258B347BEBA15B13D /* RelWithDebInfo */ = {
			isa = XCBuildConfiguration;
			buildSettings = {
				COMBINE_HIDPI_IMAGES = YES;
				GCC_GENERATE_DEBUGGING_SYMBOLS = YES;
				GCC_INLINES_ARE_PRIVATE_EXTERN = NO;
				GCC_OPTIMIZATION_LEVEL = 0;
				GCC_PREPROCESSOR_DEFINITIONS = ("'CMAKE_INTDIR=\"$(CONFIGURATION)$(EFFECTIVE_PLATFORM_NAME)\"'");
				GCC_SYMBOLS_PRIVATE_EXTERN = NO;
				INSTALL_PATH = "";
				OTHER_LDFLAGS = " ";
				OTHER_REZFLAGS = "";
				PRODUCT_NAME = ZERO_CHECK;
				SECTORDER_FLAGS = "";
				SYMROOT = "/Users/user/sources/Different/sqrt/build-xcode";
				USE_HEADERMAP = NO;
				WARNING_CFLAGS = ("-Wmost","-Wno-four-char-constants","-Wno-unknown-pragmas","$(inherited)");
			};
			name = RelWithDebInfo;
		};
		C0B44A54D327415D8D2CC2CB /* Debug */ = {
			isa = XCBuildConfiguration;
			buildSettings = {
				COMBINE_HIDPI_IMAGES = YES;
				GCC_GENERATE_DEBUGGING_SYMBOLS = YES;
				GCC_INLINES_ARE_PRIVATE_EXTERN = NO;
				GCC_OPTIMIZATION_LEVEL = 0;
				GCC_PREPROCESSOR_DEFINITIONS = ("'CMAKE_INTDIR=\"$(CONFIGURATION)$(EFFECTIVE_PLATFORM_NAME)\"'");
				GCC_SYMBOLS_PRIVATE_EXTERN = NO;
				INSTALL_PATH = "";
				OTHER_LDFLAGS = " ";
				OTHER_REZFLAGS = "";
				PRODUCT_NAME = ALL_BUILD;
				SECTORDER_FLAGS = "";
				SYMROOT = "/Users/user/sources/Different/sqrt/build-xcode";
				USE_HEADERMAP = NO;
				WARNING_CFLAGS = ("-Wmost","-Wno-four-char-constants","-Wno-unknown-pragmas","$(inherited)");
			};
			name = Debug;
		};
		C7515D5E72174414A9D46F27 /* Release */ = {
			isa = XCBuildConfiguration;
			buildSettings = {
				ARCHS = x86_64;
				SDKROOT = /Applications/Xcode.app/Contents/Developer/Platforms/MacOSX.platform/Developer/SDKs/MacOSX10.11.sdk;
				SYMROOT = "/Users/user/sources/Different/sqrt/build-xcode/build";
			};
			name = Release;
		};
		D4A6AB522DEC48DABE010A28 /* Debug */ = {
			isa = XCBuildConfiguration;
			buildSettings = {
				ARCHS = x86_64;
				SDKROOT = /Applications/Xcode.app/Contents/Developer/Platforms/MacOSX.platform/Developer/SDKs/MacOSX10.11.sdk;
				SYMROOT = "/Users/user/sources/Different/sqrt/build-xcode/build";
			};
			name = Debug;
		};
		E336AAD372BF4162A6572E65 /* Release */ = {
			isa = XCBuildConfiguration;
			buildSettings = {
				COMBINE_HIDPI_IMAGES = YES;
				GCC_GENERATE_DEBUGGING_SYMBOLS = YES;
				GCC_INLINES_ARE_PRIVATE_EXTERN = NO;
				GCC_OPTIMIZATION_LEVEL = 0;
				GCC_PREPROCESSOR_DEFINITIONS = ("'CMAKE_INTDIR=\"$(CONFIGURATION)$(EFFECTIVE_PLATFORM_NAME)\"'");
				GCC_SYMBOLS_PRIVATE_EXTERN = NO;
				INSTALL_PATH = "";
				OTHER_LDFLAGS = " ";
				OTHER_REZFLAGS = "";
				PRODUCT_NAME = ZERO_CHECK;
				SECTORDER_FLAGS = "";
				SYMROOT = "/Users/user/sources/Different/sqrt/build-xcode";
				USE_HEADERMAP = NO;
				WARNING_CFLAGS = ("-Wmost","-Wno-four-char-constants","-Wno-unknown-pragmas","$(inherited)");
			};
			name = Release;
		};
		E79F4AA9A5AD4ABB8F599EFB /* Release */ = {
			isa = XCBuildConfiguration;
			buildSettings = {
				COMBINE_HIDPI_IMAGES = YES;
				GCC_GENERATE_DEBUGGING_SYMBOLS = YES;
				GCC_INLINES_ARE_PRIVATE_EXTERN = NO;
				GCC_OPTIMIZATION_LEVEL = 0;
				GCC_PREPROCESSOR_DEFINITIONS = ("'CMAKE_INTDIR=\"$(CONFIGURATION)$(EFFECTIVE_PLATFORM_NAME)\"'");
				GCC_SYMBOLS_PRIVATE_EXTERN = NO;
				INSTALL_PATH = "";
				OTHER_LDFLAGS = " ";
				OTHER_REZFLAGS = "";
				PRODUCT_NAME = ALL_BUILD;
				SECTORDER_FLAGS = "";
				SYMROOT = "/Users/user/sources/Different/sqrt/build-xcode";
				USE_HEADERMAP = NO;
				WARNING_CFLAGS = ("-Wmost","-Wno-four-char-constants","-Wno-unknown-pragmas","$(inherited)");
			};
			name = Release;
		};
		E93C616A6BA4414BBC399449 /* Release */ = {
			isa = XCBuildConfiguration;
			buildSettings = {
				ARCHS = x86_64;
				COMBINE_HIDPI_IMAGES = YES;
				EXECUTABLE_PREFIX = "";
				EXECUTABLE_SUFFIX = "";
				GCC_GENERATE_DEBUGGING_SYMBOLS = NO;
				GCC_INLINES_ARE_PRIVATE_EXTERN = NO;
				GCC_OPTIMIZATION_LEVEL = 3;
				GCC_PREPROCESSOR_DEFINITIONS = ("'CMAKE_INTDIR=\"$(CONFIGURATION)$(EFFECTIVE_PLATFORM_NAME)\"'");
				GCC_SYMBOLS_PRIVATE_EXTERN = NO;
				INSTALL_PATH = "";
				LIBRARY_SEARCH_PATHS = "";
				ONLY_ACTIVE_ARCH = NO;
				OTHER_CPLUSPLUSFLAGS = "    -DNDEBUG '-std=c++11'  ";
				OTHER_LDFLAGS = " -Wl,-search_paths_first -Wl,-headerpad_max_install_names  ";
				OTHER_REZFLAGS = "";
				PRODUCT_NAME = sqrt;
				SECTORDER_FLAGS = "";
				SYMROOT = "/Users/user/sources/Different/sqrt/build-xcode";
				USE_HEADERMAP = NO;
				WARNING_CFLAGS = ("-Wmost","-Wno-four-char-constants","-Wno-unknown-pragmas","$(inherited)");
			};
			name = Release;
		};
/* End XCBuildConfiguration section */

/* Begin XCConfigurationList section */
		28A73500E7EC4245AE3E5F83 /* Build configuration list for PBXAggregateTarget "ZERO_CHECK" */ = {
			isa = XCConfigurationList;
			buildConfigurations = (
				9D52D70BD4A043DCB9B85D52 /* Debug */,
				E336AAD372BF4162A6572E65 /* Release */,
				07D6EABB30774E68B2279D36 /* MinSizeRel */,
				BB332AB258B347BEBA15B13D /* RelWithDebInfo */,
			);
			defaultConfigurationIsVisible = 0;
			defaultConfigurationName = Debug;
		};
		82B0657C76C942668F09E1C9 /* Build configuration list for PBXNativeTarget "sqrt" */ = {
			isa = XCConfigurationList;
			buildConfigurations = (
				2913FE98E7B44EF09011565E /* Debug */,
				E93C616A6BA4414BBC399449 /* Release */,
				906BF89665E64752A6EE5A69 /* MinSizeRel */,
				06CA25A4A8A44F28BC1C1EE1 /* RelWithDebInfo */,
			);
			defaultConfigurationIsVisible = 0;
			defaultConfigurationName = Debug;
		};
		9C956758E3144A4BB9F9DE82 /* Build configuration list for PBXAggregateTarget "ALL_BUILD" */ = {
			isa = XCConfigurationList;
			buildConfigurations = (
				C0B44A54D327415D8D2CC2CB /* Debug */,
				E79F4AA9A5AD4ABB8F599EFB /* Release */,
				AA89760307C04F2CBB999651 /* MinSizeRel */,
				72BDB0E05A654ACBA1BAE469 /* RelWithDebInfo */,
			);
			defaultConfigurationIsVisible = 0;
			defaultConfigurationName = Debug;
		};
		AE0EF5D17F6148C8AE6A0E47 /* Build configuration list for PBXProject "sqrt" */ = {
			isa = XCConfigurationList;
			buildConfigurations = (
				D4A6AB522DEC48DABE010A28 /* Debug */,
				C7515D5E72174414A9D46F27 /* Release */,
				138236A523AE46C2B339D316 /* MinSizeRel */,
				A4D77907A274456EBAD02126 /* RelWithDebInfo */,
			);
			defaultConfigurationIsVisible = 0;
			defaultConfigurationName = Debug;
		};
/* End XCConfigurationList section */
	};
	rootObject = 7A25948021E64B0ABEBDD27D /* Project object */;
}
