// !$*UTF8*$!
{
	archiveVersion = 1;
	classes = {
	};
	objectVersion = 46;
	objects = {

/* Begin PBXAggregateTarget section */
		08264FE9180E463FAC2A1FE1 /* ALL_BUILD */ = {
			isa = PBXAggregateTarget;
			buildConfigurationList = D64CDB6E262E4DE3B77DAE41 /* Build configuration list for PBXAggregateTarget "ALL_BUILD" */;
			buildPhases = (
				6F356EF3521142468030D9E0 /* CMake Rules */,
			);
			dependencies = (
				D2B3BC18AC5F4A248351A7DA /* PBXTargetDependency */,
				0029189399C9447D935BEE93 /* PBXTargetDependency */,
			);
			name = ALL_BUILD;
			productName = ALL_BUILD;
		};
		4CDB8CD83567437D83D3EA93 /* ZERO_CHECK */ = {
			isa = PBXAggregateTarget;
			buildConfigurationList = 239308381732471D913A8B70 /* Build configuration list for PBXAggregateTarget "ZERO_CHECK" */;
			buildPhases = (
				2EFA197C169B4C37AC3B78CA /* CMake Rules */,
			);
			dependencies = (
			);
			name = ZERO_CHECK;
			productName = ZERO_CHECK;
		};
/* End PBXAggregateTarget section */

/* Begin PBXBuildFile section */
		A05904A8214643228F1C2CE0 /* /Users/user/sources/Different/hash_table/CMakeLists.txt */ = {isa = PBXBuildFile; fileRef = EC2F5BEFD86A41B289F7F2FD /* /Users/user/sources/Different/hash_table/CMakeLists.txt */; };
		E7F421C67A354AB29198B281 /* /Users/user/sources/Different/hash_table/main.cpp */ = {isa = PBXBuildFile; fileRef = 25FB9D74D27748A3AD13EE19 /* /Users/user/sources/Different/hash_table/main.cpp */; };
/* End PBXBuildFile section */

/* Begin PBXBuildStyle section */
		01F31EE400DD4BAA92F53A93 = {
			isa = PBXBuildStyle;
		};
		5F292A6851234DCE93517A0A /* Debug */ = {
			isa = PBXBuildStyle;
			buildSettings = {
				COPY_PHASE_STRIP = NO;
			};
			name = Debug;
		};
		6E3C685943E9435A990063C3 /* Release */ = {
			isa = PBXBuildStyle;
			buildSettings = {
				COPY_PHASE_STRIP = NO;
			};
			name = Release;
		};
		C0C5B1CA1FB8480784513C98 /* RelWithDebInfo */ = {
			isa = PBXBuildStyle;
			buildSettings = {
				COPY_PHASE_STRIP = NO;
			};
			name = RelWithDebInfo;
		};
		F0419A81DC114C3EB0561F9F /* MinSizeRel */ = {
			isa = PBXBuildStyle;
			buildSettings = {
				COPY_PHASE_STRIP = NO;
			};
			name = MinSizeRel;
		};
/* End PBXBuildStyle section */

/* Begin PBXContainerItemProxy section */
		2E7B9728F7E641D7BC75BB08 /* PBXContainerItemProxy */ = {
			isa = PBXContainerItemProxy;
			containerPortal = 8B177F59EBE042FCA17CBE2A /* Project object */;
			proxyType = 1;
			remoteGlobalIDString = 4CDB8CD83567437D83D3EA93;
			remoteInfo = ZERO_CHECK;
		};
		2EB4DC47B7B641AD82905AEB /* PBXContainerItemProxy */ = {
			isa = PBXContainerItemProxy;
			containerPortal = 8B177F59EBE042FCA17CBE2A /* Project object */;
			proxyType = 1;
			remoteGlobalIDString = E2C90C03C006498D95E4D1E0;
			remoteInfo = calculator;
		};
		F59FF756465440D78EF7AA39 /* PBXContainerItemProxy */ = {
			isa = PBXContainerItemProxy;
			containerPortal = 8B177F59EBE042FCA17CBE2A /* Project object */;
			proxyType = 1;
			remoteGlobalIDString = 4CDB8CD83567437D83D3EA93;
			remoteInfo = ZERO_CHECK;
		};
/* End PBXContainerItemProxy section */

/* Begin PBXFileReference section */
		2296C0F1FDFF4D81B2A7BAE2 /* calculator */ = {isa = PBXFileReference; explicitFileType = "compiled.mach-o.executable"; path = calculator; sourceTree = BUILT_PRODUCTS_DIR; };
		25FB9D74D27748A3AD13EE19 /* /Users/user/sources/Different/hash_table/main.cpp */ = {isa = PBXFileReference; explicitFileType = sourcecode.cpp.cpp; fileEncoding = 4; name = main.cpp; path = main.cpp; sourceTree = SOURCE_ROOT; };
		7C05D4C630CE4D5897543EC6 /* /Users/user/sources/Different/hash_table/CMakeLists.txt */ = {isa = PBXFileReference; explicitFileType = sourcecode.text; fileEncoding = 4; name = CMakeLists.txt; path = CMakeLists.txt; sourceTree = SOURCE_ROOT; };
		E7AEE0C80E4C46158E14B877 /* /Users/user/sources/Different/hash_table/CMakeLists.txt */ = {isa = PBXFileReference; explicitFileType = sourcecode.text; fileEncoding = 4; name = CMakeLists.txt; path = CMakeLists.txt; sourceTree = SOURCE_ROOT; };
		EC2F5BEFD86A41B289F7F2FD /* /Users/user/sources/Different/hash_table/CMakeLists.txt */ = {isa = PBXFileReference; explicitFileType = sourcecode.text; fileEncoding = 4; name = CMakeLists.txt; path = CMakeLists.txt; sourceTree = SOURCE_ROOT; };
/* End PBXFileReference section */

/* Begin PBXGroup section */
		15965B101B834466A7110225 /* Sources */ = {
			isa = PBXGroup;
			children = (
				B0C282B689E94CD98DB35307 /* calculator */,
				929E921D2E6C4BF78595EEA4 /* ALL_BUILD */,
				FA0C8B367BC8418CB94DD155 /* ZERO_CHECK */,
			);
			name = Sources;
			sourceTree = "<group>";
		};
		1EB645B53A674ADB8ABADBD4 = {
			isa = PBXGroup;
			children = (
				15965B101B834466A7110225 /* Sources */,
				6AC84B29073D488EB1334803 /* Resources */,
				963B5B30E80546839D6915A5 /* Products */,
			);
			sourceTree = "<group>";
		};
		4F8D49D6F85D4E9B8551D232 /* CMake Rules */ = {
			isa = PBXGroup;
			children = (
			);
			name = "CMake Rules";
			sourceTree = "<group>";
		};
		6AC84B29073D488EB1334803 /* Resources */ = {
			isa = PBXGroup;
			children = (
			);
			name = Resources;
			sourceTree = "<group>";
		};
		929E921D2E6C4BF78595EEA4 /* ALL_BUILD */ = {
			isa = PBXGroup;
			children = (
				4F8D49D6F85D4E9B8551D232 /* CMake Rules */,
				E7AEE0C80E4C46158E14B877 /* /Users/user/sources/Different/hash_table/CMakeLists.txt */,
			);
			name = ALL_BUILD;
			sourceTree = "<group>";
		};
		963B5B30E80546839D6915A5 /* Products */ = {
			isa = PBXGroup;
			children = (
				2296C0F1FDFF4D81B2A7BAE2 /* calculator */,
			);
			name = Products;
			sourceTree = "<group>";
		};
		B0C282B689E94CD98DB35307 /* calculator */ = {
			isa = PBXGroup;
			children = (
				F4E1340FB32B4CF2B9FF3C93 /* Source Files */,
				EC2F5BEFD86A41B289F7F2FD /* /Users/user/sources/Different/hash_table/CMakeLists.txt */,
			);
			name = calculator;
			sourceTree = "<group>";
		};
		EC70F2B0D03D45A196B610B3 /* CMake Rules */ = {
			isa = PBXGroup;
			children = (
			);
			name = "CMake Rules";
			sourceTree = "<group>";
		};
		F4E1340FB32B4CF2B9FF3C93 /* Source Files */ = {
			isa = PBXGroup;
			children = (
				25FB9D74D27748A3AD13EE19 /* /Users/user/sources/Different/hash_table/main.cpp */,
			);
			name = "Source Files";
			sourceTree = "<group>";
		};
		FA0C8B367BC8418CB94DD155 /* ZERO_CHECK */ = {
			isa = PBXGroup;
			children = (
				EC70F2B0D03D45A196B610B3 /* CMake Rules */,
				7C05D4C630CE4D5897543EC6 /* /Users/user/sources/Different/hash_table/CMakeLists.txt */,
			);
			name = ZERO_CHECK;
			sourceTree = "<group>";
		};
/* End PBXGroup section */

/* Begin PBXNativeTarget section */
		E2C90C03C006498D95E4D1E0 /* calculator */ = {
			isa = PBXNativeTarget;
			buildConfigurationList = 8E8F1F27A2A84241A7000E38 /* Build configuration list for PBXNativeTarget "calculator" */;
			buildPhases = (
				2E466BE48F694A648E7ADAAF /* Sources */,
			);
			buildRules = (
			);
			dependencies = (
				AD385C06E6BE45A499717930 /* PBXTargetDependency */,
			);
			name = calculator;
			productName = calculator;
			productReference = 2296C0F1FDFF4D81B2A7BAE2 /* calculator */;
			productType = "com.apple.product-type.tool";
		};
/* End PBXNativeTarget section */

/* Begin PBXProject section */
		8B177F59EBE042FCA17CBE2A /* Project object */ = {
			isa = PBXProject;
			attributes = {
				BuildIndependentTargetsInParallel = YES;
				LastUpgradeCheck = 0730;
			};
			buildConfigurationList = 4063FB45EC7446899288F6E1 /* Build configuration list for PBXProject "calculator" */;
			buildSettings = {
			};
			buildStyles = (
				5F292A6851234DCE93517A0A /* Debug */,
				6E3C685943E9435A990063C3 /* Release */,
				F0419A81DC114C3EB0561F9F /* MinSizeRel */,
				C0C5B1CA1FB8480784513C98 /* RelWithDebInfo */,
			);
			compatibilityVersion = "Xcode 3.2";
			hasScannedForEncodings = 0;
			mainGroup = 1EB645B53A674ADB8ABADBD4;
			projectDirPath = ../;
			projectRoot = "";
			targets = (
				08264FE9180E463FAC2A1FE1 /* ALL_BUILD */,
				4CDB8CD83567437D83D3EA93 /* ZERO_CHECK */,
				E2C90C03C006498D95E4D1E0 /* calculator */,
			);
		};
/* End PBXProject section */

/* Begin PBXShellScriptBuildPhase section */
		2EFA197C169B4C37AC3B78CA /* CMake Rules */ = {
			isa = PBXShellScriptBuildPhase;
			buildActionMask = 2147483647;
			files = (
			);
			name = "CMake Rules";
			runOnlyForDeploymentPostprocessing = 0;
			shellPath = /bin/sh;
			shellScript = "make -C /Users/user/sources/Different/hash_table/build-xcode -f /Users/user/sources/Different/hash_table/build-xcode/CMakeScripts/ZERO_CHECK_cmakeRulesBuildPhase.make$CONFIGURATION all";
			showEnvVarsInLog = 0;
		};
		428555F18AF64D84B43A0F65 = {
			isa = PBXShellScriptBuildPhase;
			buildActionMask = 2147483647;
			files = (
			);
			inputPaths = (
			);
			outputPaths = (
			);
			runOnlyForDeploymentPostprocessing = 0;
			shellPath = /bin/sh;
			shellScript = "# shell script goes here
exit 0";
			showEnvVarsInLog = 0;
		};
		4D7332F741BE4F8BA2A50406 = {
			isa = PBXShellScriptBuildPhase;
			buildActionMask = 2147483647;
			files = (
			);
			inputPaths = (
			);
			outputPaths = (
			);
			runOnlyForDeploymentPostprocessing = 0;
			shellPath = /bin/sh;
			shellScript = "# shell script goes here
exit 0";
			showEnvVarsInLog = 0;
		};
		6F356EF3521142468030D9E0 /* CMake Rules */ = {
			isa = PBXShellScriptBuildPhase;
			buildActionMask = 2147483647;
			files = (
			);
			name = "CMake Rules";
			runOnlyForDeploymentPostprocessing = 0;
			shellPath = /bin/sh;
			shellScript = "make -C /Users/user/sources/Different/hash_table/build-xcode -f /Users/user/sources/Different/hash_table/build-xcode/CMakeScripts/ALL_BUILD_cmakeRulesBuildPhase.make$CONFIGURATION all";
			showEnvVarsInLog = 0;
		};
/* End PBXShellScriptBuildPhase section */

/* Begin PBXSourcesBuildPhase section */
		2E466BE48F694A648E7ADAAF /* Sources */ = {
			isa = PBXSourcesBuildPhase;
			buildActionMask = 2147483647;
			files = (
				E7F421C67A354AB29198B281 /* /Users/user/sources/Different/hash_table/main.cpp */,
			);
			runOnlyForDeploymentPostprocessing = 0;
		};
/* End PBXSourcesBuildPhase section */

/* Begin PBXTargetDependency section */
		0029189399C9447D935BEE93 /* PBXTargetDependency */ = {
			isa = PBXTargetDependency;
			target = E2C90C03C006498D95E4D1E0 /* calculator */;
			targetProxy = 2EB4DC47B7B641AD82905AEB /* PBXContainerItemProxy */;
		};
		AD385C06E6BE45A499717930 /* PBXTargetDependency */ = {
			isa = PBXTargetDependency;
			target = 4CDB8CD83567437D83D3EA93 /* ZERO_CHECK */;
			targetProxy = 2E7B9728F7E641D7BC75BB08 /* PBXContainerItemProxy */;
		};
		D2B3BC18AC5F4A248351A7DA /* PBXTargetDependency */ = {
			isa = PBXTargetDependency;
			target = 4CDB8CD83567437D83D3EA93 /* ZERO_CHECK */;
			targetProxy = F59FF756465440D78EF7AA39 /* PBXContainerItemProxy */;
		};
/* End PBXTargetDependency section */

/* Begin XCBuildConfiguration section */
		01EA7D30B13E4C428CA763FC /* Release */ = {
			isa = XCBuildConfiguration;
			buildSettings = {
				COMBINE_HIDPI_IMAGES = YES;
				GCC_GENERATE_DEBUGGING_SYMBOLS = YES;
				GCC_INLINES_ARE_PRIVATE_EXTERN = NO;
				GCC_OPTIMIZATION_LEVEL = 0;
				GCC_PREPROCESSOR_DEFINITIONS = ("'CMAKE_INTDIR=\"$(CONFIGURATION)$(EFFECTIVE_PLATFORM_NAME)\"'");
				GCC_SYMBOLS_PRIVATE_EXTERN = NO;
				INSTALL_PATH = "";
				OTHER_LDFLAGS = " ";
				OTHER_REZFLAGS = "";
				PRODUCT_NAME = ZERO_CHECK;
				SECTORDER_FLAGS = "";
				SYMROOT = "/Users/user/sources/Different/hash_table/build-xcode";
				USE_HEADERMAP = NO;
				WARNING_CFLAGS = ("-Wmost","-Wno-four-char-constants","-Wno-unknown-pragmas","$(inherited)");
			};
			name = Release;
		};
		29963663D0144133B9597125 /* Debug */ = {
			isa = XCBuildConfiguration;
			buildSettings = {
				ARCHS = x86_64;
				SDKROOT = /Applications/Xcode.app/Contents/Developer/Platforms/MacOSX.platform/Developer/SDKs/MacOSX10.11.sdk;
				SYMROOT = "/Users/user/sources/Different/hash_table/build-xcode/build";
			};
			name = Debug;
		};
		36E457FD03034CAE9D6C11BC /* MinSizeRel */ = {
			isa = XCBuildConfiguration;
			buildSettings = {
				ARCHS = x86_64;
				SDKROOT = /Applications/Xcode.app/Contents/Developer/Platforms/MacOSX.platform/Developer/SDKs/MacOSX10.11.sdk;
				SYMROOT = "/Users/user/sources/Different/hash_table/build-xcode/build";
			};
			name = MinSizeRel;
		};
		3EFCAFE466964C4395F6A63D /* RelWithDebInfo */ = {
			isa = XCBuildConfiguration;
			buildSettings = {
				COMBINE_HIDPI_IMAGES = YES;
				GCC_GENERATE_DEBUGGING_SYMBOLS = YES;
				GCC_INLINES_ARE_PRIVATE_EXTERN = NO;
				GCC_OPTIMIZATION_LEVEL = 0;
				GCC_PREPROCESSOR_DEFINITIONS = ("'CMAKE_INTDIR=\"$(CONFIGURATION)$(EFFECTIVE_PLATFORM_NAME)\"'");
				GCC_SYMBOLS_PRIVATE_EXTERN = NO;
				INSTALL_PATH = "";
				OTHER_LDFLAGS = " ";
				OTHER_REZFLAGS = "";
				PRODUCT_NAME = ZERO_CHECK;
				SECTORDER_FLAGS = "";
				SYMROOT = "/Users/user/sources/Different/hash_table/build-xcode";
				USE_HEADERMAP = NO;
				WARNING_CFLAGS = ("-Wmost","-Wno-four-char-constants","-Wno-unknown-pragmas","$(inherited)");
			};
			name = RelWithDebInfo;
		};
		61423774B2894E04BB97233F /* Release */ = {
			isa = XCBuildConfiguration;
			buildSettings = {
				ARCHS = x86_64;
				COMBINE_HIDPI_IMAGES = YES;
				EXECUTABLE_PREFIX = "";
				EXECUTABLE_SUFFIX = "";
				GCC_GENERATE_DEBUGGING_SYMBOLS = NO;
				GCC_INLINES_ARE_PRIVATE_EXTERN = NO;
				GCC_OPTIMIZATION_LEVEL = 3;
				GCC_PREPROCESSOR_DEFINITIONS = ("'CMAKE_INTDIR=\"$(CONFIGURATION)$(EFFECTIVE_PLATFORM_NAME)\"'");
				GCC_SYMBOLS_PRIVATE_EXTERN = NO;
				INSTALL_PATH = "";
				LIBRARY_SEARCH_PATHS = "";
				ONLY_ACTIVE_ARCH = NO;
				OTHER_CPLUSPLUSFLAGS = "    -DNDEBUG '-std=c++11'  ";
				OTHER_LDFLAGS = " -Wl,-search_paths_first -Wl,-headerpad_max_install_names  ";
				OTHER_REZFLAGS = "";
				PRODUCT_NAME = calculator;
				SECTORDER_FLAGS = "";
				SYMROOT = "/Users/user/sources/Different/hash_table/build-xcode";
				USE_HEADERMAP = NO;
				WARNING_CFLAGS = ("-Wmost","-Wno-four-char-constants","-Wno-unknown-pragmas","$(inherited)");
			};
			name = Release;
		};
		7152291D130444738006D306 /* MinSizeRel */ = {
			isa = XCBuildConfiguration;
			buildSettings = {
				ARCHS = x86_64;
				COMBINE_HIDPI_IMAGES = YES;
				EXECUTABLE_PREFIX = "";
				EXECUTABLE_SUFFIX = "";
				GCC_GENERATE_DEBUGGING_SYMBOLS = NO;
				GCC_INLINES_ARE_PRIVATE_EXTERN = NO;
				GCC_OPTIMIZATION_LEVEL = s;
				GCC_PREPROCESSOR_DEFINITIONS = ("'CMAKE_INTDIR=\"$(CONFIGURATION)$(EFFECTIVE_PLATFORM_NAME)\"'");
				GCC_SYMBOLS_PRIVATE_EXTERN = NO;
				INSTALL_PATH = "";
				LIBRARY_SEARCH_PATHS = "";
				ONLY_ACTIVE_ARCH = NO;
				OTHER_CPLUSPLUSFLAGS = "    -DNDEBUG '-std=c++11'  ";
				OTHER_LDFLAGS = " -Wl,-search_paths_first -Wl,-headerpad_max_install_names  ";
				OTHER_REZFLAGS = "";
				PRODUCT_NAME = calculator;
				SECTORDER_FLAGS = "";
				SYMROOT = "/Users/user/sources/Different/hash_table/build-xcode";
				USE_HEADERMAP = NO;
				WARNING_CFLAGS = ("-Wmost","-Wno-four-char-constants","-Wno-unknown-pragmas","$(inherited)");
			};
			name = MinSizeRel;
		};
		7B33EC1049A84582B203A321 /* Debug */ = {
			isa = XCBuildConfiguration;
			buildSettings = {
				ARCHS = x86_64;
				COMBINE_HIDPI_IMAGES = YES;
				EXECUTABLE_PREFIX = "";
				EXECUTABLE_SUFFIX = "";
				GCC_GENERATE_DEBUGGING_SYMBOLS = YES;
				GCC_INLINES_ARE_PRIVATE_EXTERN = NO;
				GCC_OPTIMIZATION_LEVEL = 0;
				GCC_PREPROCESSOR_DEFINITIONS = ("'CMAKE_INTDIR=\"$(CONFIGURATION)$(EFFECTIVE_PLATFORM_NAME)\"'");
				GCC_SYMBOLS_PRIVATE_EXTERN = NO;
				INSTALL_PATH = "";
				LIBRARY_SEARCH_PATHS = "";
				ONLY_ACTIVE_ARCH = NO;
				OTHER_CPLUSPLUSFLAGS = "   '-std=c++11'  ";
				OTHER_LDFLAGS = " -Wl,-search_paths_first -Wl,-headerpad_max_install_names  ";
				OTHER_REZFLAGS = "";
				PRODUCT_NAME = calculator;
				SECTORDER_FLAGS = "";
				SYMROOT = "/Users/user/sources/Different/hash_table/build-xcode";
				USE_HEADERMAP = NO;
				WARNING_CFLAGS = ("-Wmost","-Wno-four-char-constants","-Wno-unknown-pragmas","$(inherited)");
			};
			name = Debug;
		};
		7E6B3F4B0E8349DDB328D1E1 /* MinSizeRel */ = {
			isa = XCBuildConfiguration;
			buildSettings = {
				COMBINE_HIDPI_IMAGES = YES;
				GCC_GENERATE_DEBUGGING_SYMBOLS = YES;
				GCC_INLINES_ARE_PRIVATE_EXTERN = NO;
				GCC_OPTIMIZATION_LEVEL = 0;
				GCC_PREPROCESSOR_DEFINITIONS = ("'CMAKE_INTDIR=\"$(CONFIGURATION)$(EFFECTIVE_PLATFORM_NAME)\"'");
				GCC_SYMBOLS_PRIVATE_EXTERN = NO;
				INSTALL_PATH = "";
				OTHER_LDFLAGS = " ";
				OTHER_REZFLAGS = "";
				PRODUCT_NAME = ZERO_CHECK;
				SECTORDER_FLAGS = "";
				SYMROOT = "/Users/user/sources/Different/hash_table/build-xcode";
				USE_HEADERMAP = NO;
				WARNING_CFLAGS = ("-Wmost","-Wno-four-char-constants","-Wno-unknown-pragmas","$(inherited)");
			};
			name = MinSizeRel;
		};
		8C1F5FCDF03F4F47978DE8AC /* Release */ = {
			isa = XCBuildConfiguration;
			buildSettings = {
				COMBINE_HIDPI_IMAGES = YES;
				GCC_GENERATE_DEBUGGING_SYMBOLS = YES;
				GCC_INLINES_ARE_PRIVATE_EXTERN = NO;
				GCC_OPTIMIZATION_LEVEL = 0;
				GCC_PREPROCESSOR_DEFINITIONS = ("'CMAKE_INTDIR=\"$(CONFIGURATION)$(EFFECTIVE_PLATFORM_NAME)\"'");
				GCC_SYMBOLS_PRIVATE_EXTERN = NO;
				INSTALL_PATH = "";
				OTHER_LDFLAGS = " ";
				OTHER_REZFLAGS = "";
				PRODUCT_NAME = ALL_BUILD;
				SECTORDER_FLAGS = "";
				SYMROOT = "/Users/user/sources/Different/hash_table/build-xcode";
				USE_HEADERMAP = NO;
				WARNING_CFLAGS = ("-Wmost","-Wno-four-char-constants","-Wno-unknown-pragmas","$(inherited)");
			};
			name = Release;
		};
		994BBBBA274C4E47918059E0 /* Debug */ = {
			isa = XCBuildConfiguration;
			buildSettings = {
				COMBINE_HIDPI_IMAGES = YES;
				GCC_GENERATE_DEBUGGING_SYMBOLS = YES;
				GCC_INLINES_ARE_PRIVATE_EXTERN = NO;
				GCC_OPTIMIZATION_LEVEL = 0;
				GCC_PREPROCESSOR_DEFINITIONS = ("'CMAKE_INTDIR=\"$(CONFIGURATION)$(EFFECTIVE_PLATFORM_NAME)\"'");
				GCC_SYMBOLS_PRIVATE_EXTERN = NO;
				INSTALL_PATH = "";
				OTHER_LDFLAGS = " ";
				OTHER_REZFLAGS = "";
				PRODUCT_NAME = ALL_BUILD;
				SECTORDER_FLAGS = "";
				SYMROOT = "/Users/user/sources/Different/hash_table/build-xcode";
				USE_HEADERMAP = NO;
				WARNING_CFLAGS = ("-Wmost","-Wno-four-char-constants","-Wno-unknown-pragmas","$(inherited)");
			};
			name = Debug;
		};
		B04E4D42B2734806A5FCE1E7 /* RelWithDebInfo */ = {
			isa = XCBuildConfiguration;
			buildSettings = {
				ARCHS = x86_64;
				SDKROOT = /Applications/Xcode.app/Contents/Developer/Platforms/MacOSX.platform/Developer/SDKs/MacOSX10.11.sdk;
				SYMROOT = "/Users/user/sources/Different/hash_table/build-xcode/build";
			};
			name = RelWithDebInfo;
		};
		BD91D8352EC749D7BF8D0E09 /* RelWithDebInfo */ = {
			isa = XCBuildConfiguration;
			buildSettings = {
				COMBINE_HIDPI_IMAGES = YES;
				GCC_GENERATE_DEBUGGING_SYMBOLS = YES;
				GCC_INLINES_ARE_PRIVATE_EXTERN = NO;
				GCC_OPTIMIZATION_LEVEL = 0;
				GCC_PREPROCESSOR_DEFINITIONS = ("'CMAKE_INTDIR=\"$(CONFIGURATION)$(EFFECTIVE_PLATFORM_NAME)\"'");
				GCC_SYMBOLS_PRIVATE_EXTERN = NO;
				INSTALL_PATH = "";
				OTHER_LDFLAGS = " ";
				OTHER_REZFLAGS = "";
				PRODUCT_NAME = ALL_BUILD;
				SECTORDER_FLAGS = "";
				SYMROOT = "/Users/user/sources/Different/hash_table/build-xcode";
				USE_HEADERMAP = NO;
				WARNING_CFLAGS = ("-Wmost","-Wno-four-char-constants","-Wno-unknown-pragmas","$(inherited)");
			};
			name = RelWithDebInfo;
		};
		C6737AE9D7214752B1586677 /* MinSizeRel */ = {
			isa = XCBuildConfiguration;
			buildSettings = {
				COMBINE_HIDPI_IMAGES = YES;
				GCC_GENERATE_DEBUGGING_SYMBOLS = YES;
				GCC_INLINES_ARE_PRIVATE_EXTERN = NO;
				GCC_OPTIMIZATION_LEVEL = 0;
				GCC_PREPROCESSOR_DEFINITIONS = ("'CMAKE_INTDIR=\"$(CONFIGURATION)$(EFFECTIVE_PLATFORM_NAME)\"'");
				GCC_SYMBOLS_PRIVATE_EXTERN = NO;
				INSTALL_PATH = "";
				OTHER_LDFLAGS = " ";
				OTHER_REZFLAGS = "";
				PRODUCT_NAME = ALL_BUILD;
				SECTORDER_FLAGS = "";
				SYMROOT = "/Users/user/sources/Different/hash_table/build-xcode";
				USE_HEADERMAP = NO;
				WARNING_CFLAGS = ("-Wmost","-Wno-four-char-constants","-Wno-unknown-pragmas","$(inherited)");
			};
			name = MinSizeRel;
		};
		DADC2F392560407981A37AC0 /* Debug */ = {
			isa = XCBuildConfiguration;
			buildSettings = {
				COMBINE_HIDPI_IMAGES = YES;
				GCC_GENERATE_DEBUGGING_SYMBOLS = YES;
				GCC_INLINES_ARE_PRIVATE_EXTERN = NO;
				GCC_OPTIMIZATION_LEVEL = 0;
				GCC_PREPROCESSOR_DEFINITIONS = ("'CMAKE_INTDIR=\"$(CONFIGURATION)$(EFFECTIVE_PLATFORM_NAME)\"'");
				GCC_SYMBOLS_PRIVATE_EXTERN = NO;
				INSTALL_PATH = "";
				OTHER_LDFLAGS = " ";
				OTHER_REZFLAGS = "";
				PRODUCT_NAME = ZERO_CHECK;
				SECTORDER_FLAGS = "";
				SYMROOT = "/Users/user/sources/Different/hash_table/build-xcode";
				USE_HEADERMAP = NO;
				WARNING_CFLAGS = ("-Wmost","-Wno-four-char-constants","-Wno-unknown-pragmas","$(inherited)");
			};
			name = Debug;
		};
		DF2DAB04D32247A5B4BA61E8 /* Release */ = {
			isa = XCBuildConfiguration;
			buildSettings = {
				ARCHS = x86_64;
				SDKROOT = /Applications/Xcode.app/Contents/Developer/Platforms/MacOSX.platform/Developer/SDKs/MacOSX10.11.sdk;
				SYMROOT = "/Users/user/sources/Different/hash_table/build-xcode/build";
			};
			name = Release;
		};
		E7716DF6AEA54D1EAAB1BE5C /* RelWithDebInfo */ = {
			isa = XCBuildConfiguration;
			buildSettings = {
				ARCHS = x86_64;
				COMBINE_HIDPI_IMAGES = YES;
				EXECUTABLE_PREFIX = "";
				EXECUTABLE_SUFFIX = "";
				GCC_GENERATE_DEBUGGING_SYMBOLS = YES;
				GCC_INLINES_ARE_PRIVATE_EXTERN = NO;
				GCC_OPTIMIZATION_LEVEL = 2;
				GCC_PREPROCESSOR_DEFINITIONS = ("'CMAKE_INTDIR=\"$(CONFIGURATION)$(EFFECTIVE_PLATFORM_NAME)\"'");
				GCC_SYMBOLS_PRIVATE_EXTERN = NO;
				INSTALL_PATH = "";
				LIBRARY_SEARCH_PATHS = "";
				ONLY_ACTIVE_ARCH = NO;
				OTHER_CPLUSPLUSFLAGS = "       -DNDEBUG '-std=c++11'  ";
				OTHER_LDFLAGS = " -Wl,-search_paths_first -Wl,-headerpad_max_install_names  ";
				OTHER_REZFLAGS = "";
				PRODUCT_NAME = calculator;
				SECTORDER_FLAGS = "";
				SYMROOT = "/Users/user/sources/Different/hash_table/build-xcode";
				USE_HEADERMAP = NO;
				WARNING_CFLAGS = ("-Wmost","-Wno-four-char-constants","-Wno-unknown-pragmas","$(inherited)");
			};
			name = RelWithDebInfo;
		};
/* End XCBuildConfiguration section */

/* Begin XCConfigurationList section */
		239308381732471D913A8B70 /* Build configuration list for PBXAggregateTarget "ZERO_CHECK" */ = {
			isa = XCConfigurationList;
			buildConfigurations = (
				DADC2F392560407981A37AC0 /* Debug */,
				01EA7D30B13E4C428CA763FC /* Release */,
				7E6B3F4B0E8349DDB328D1E1 /* MinSizeRel */,
				3EFCAFE466964C4395F6A63D /* RelWithDebInfo */,
			);
			defaultConfigurationIsVisible = 0;
			defaultConfigurationName = Debug;
		};
		4063FB45EC7446899288F6E1 /* Build configuration list for PBXProject "calculator" */ = {
			isa = XCConfigurationList;
			buildConfigurations = (
				29963663D0144133B9597125 /* Debug */,
				DF2DAB04D32247A5B4BA61E8 /* Release */,
				36E457FD03034CAE9D6C11BC /* MinSizeRel */,
				B04E4D42B2734806A5FCE1E7 /* RelWithDebInfo */,
			);
			defaultConfigurationIsVisible = 0;
			defaultConfigurationName = Debug;
		};
		8E8F1F27A2A84241A7000E38 /* Build configuration list for PBXNativeTarget "calculator" */ = {
			isa = XCConfigurationList;
			buildConfigurations = (
				7B33EC1049A84582B203A321 /* Debug */,
				61423774B2894E04BB97233F /* Release */,
				7152291D130444738006D306 /* MinSizeRel */,
				E7716DF6AEA54D1EAAB1BE5C /* RelWithDebInfo */,
			);
			defaultConfigurationIsVisible = 0;
			defaultConfigurationName = Debug;
		};
		D64CDB6E262E4DE3B77DAE41 /* Build configuration list for PBXAggregateTarget "ALL_BUILD" */ = {
			isa = XCConfigurationList;
			buildConfigurations = (
				994BBBBA274C4E47918059E0 /* Debug */,
				8C1F5FCDF03F4F47978DE8AC /* Release */,
				C6737AE9D7214752B1586677 /* MinSizeRel */,
				BD91D8352EC749D7BF8D0E09 /* RelWithDebInfo */,
			);
			defaultConfigurationIsVisible = 0;
			defaultConfigurationName = Debug;
		};
/* End XCConfigurationList section */
	};
	rootObject = 8B177F59EBE042FCA17CBE2A /* Project object */;
}
